{
  "name": "graphql.wtf-serverless-graphql-handler",
  "lockfileVersion": 2,
  "requires": true,
  "packages": {
    "": {
      "dependencies": {
        "@graphql-tools/schema": "8.1.2",
        "graphql": "15.5.1"
      }
    },
    "node_modules/@graphql-tools/merge": {
      "version": "8.0.2",
      "resolved": "https://registry.npmjs.org/@graphql-tools/merge/-/merge-8.0.2.tgz",
      "integrity": "sha512-li/bl6RpcZCPA0LrSxMYMcyYk+brer8QYY25jCKLS7gvhJkgzEFpCDaX43V1+X13djEoAbgay2mCr3dtfJQQRQ==",
      "dependencies": {
        "@graphql-tools/utils": "^8.1.1",
        "tslib": "~2.3.0"
      },
      "peerDependencies": {
        "graphql": "^14.0.0 || ^15.0.0"
      }
    },
    "node_modules/@graphql-tools/schema": {
      "version": "8.1.2",
      "resolved": "https://registry.npmjs.org/@graphql-tools/schema/-/schema-8.1.2.tgz",
      "integrity": "sha512-rX2pg42a0w7JLVYT+f/yeEKpnoZL5PpLq68TxC3iZ8slnNBNjfVfvzzOn8Q8Q6Xw3t17KP9QespmJEDfuQe4Rg==",
      "dependencies": {
        "@graphql-tools/merge": "^8.0.2",
        "@graphql-tools/utils": "^8.1.1",
        "tslib": "~2.3.0",
        "value-or-promise": "1.0.10"
      },
      "peerDependencies": {
        "graphql": "^14.0.0 || ^15.0.0"
      }
    },
    "node_modules/@graphql-tools/utils": {
      "version": "8.1.1",
      "resolved": "https://registry.npmjs.org/@graphql-tools/utils/-/utils-8.1.1.tgz",
      "integrity": "sha512-QbFNoBmBiZ+ej4y6mOv8Ba4lNhcrTEKXAhZ0f74AhdEXi7b9xbGUH/slO5JaSyp85sGQYIPmxjRPpXBjLklbmw==",
      "dependencies": {
        "tslib": "~2.3.0"
      },
      "peerDependencies": {
        "graphql": "^14.0.0 || ^15.0.0"
      }
    },
    "node_modules/graphql": {
      "version": "15.5.1",
      "resolved": "https://registry.npmjs.org/graphql/-/graphql-15.5.1.tgz",
      "integrity": "sha512-FeTRX67T3LoE3LWAxxOlW2K3Bz+rMYAC18rRguK4wgXaTZMiJwSUwDmPFo3UadAKbzirKIg5Qy+sNJXbpPRnQw==",
      "engines": {
        "node": ">= 10.x"
      }
    },
    "node_modules/tslib": {
      "version": "2.3.1",
      "resolved": "https://registry.npmjs.org/tslib/-/tslib-2.3.1.tgz",
      "integrity": "sha512-77EbyPPpMz+FRFRuAFlWMtmgUWGe9UOG2Z25NqCwiIjRhOf5iKGuzSe5P2w1laq+FkRy4p+PCuVkJSGkzTEKVw=="
    },
    "node_modules/value-or-promise": {
      "version": "1.0.10",
      "resolved": "https://registry.npmjs.org/value-or-promise/-/value-or-promise-1.0.10.tgz",
      "integrity": "sha512-1OwTzvcfXkAfabk60UVr5NdjtjJ0Fg0T5+B1bhxtrOEwSH2fe8y4DnLgoksfCyd8yZCOQQHB0qLMQnwgCjbXLQ==",
      "engines": {
        "node": ">=12"
      }
    }
  },
  "dependencies": {
    "@graphql-tools/merge": {
      "version": "8.0.2",
      "resolved": "https://registry.npmjs.org/@graphql-tools/merge/-/merge-8.0.2.tgz",
      "integrity": "sha512-li/bl6RpcZCPA0LrSxMYMcyYk+brer8QYY25jCKLS7gvhJkgzEFpCDaX43V1+X13djEoAbgay2mCr3dtfJQQRQ==",
      "requires": {
        "@graphql-tools/utils": "^8.1.1",
        "tslib": "~2.3.0"
      }
    },
    "@graphql-tools/schema": {
      "version": "8.1.2",
      "resolved": "https://registry.npmjs.org/@graphql-tools/schema/-/schema-8.1.2.tgz",
      "integrity": "sha512-rX2pg42a0w7JLVYT+f/yeEKpnoZL5PpLq68TxC3iZ8slnNBNjfVfvzzOn8Q8Q6Xw3t17KP9QespmJEDfuQe4Rg==",
      "requires": {
        "@graphql-tools/merge": "^8.0.2",
        "@graphql-tools/utils": "^8.1.1",
        "tslib": "~2.3.0",
        "value-or-promise": "1.0.10"
      }
    },
    "@graphql-tools/utils": {
      "version": "8.1.1",
      "resolved": "https://registry.npmjs.org/@graphql-tools/utils/-/utils-8.1.1.tgz",
      "integrity": "sha512-QbFNoBmBiZ+ej4y6mOv8Ba4lNhcrTEKXAhZ0f74AhdEXi7b9xbGUH/slO5JaSyp85sGQYIPmxjRPpXBjLklbmw==",
      "requires": {
        "tslib": "~2.3.0"
      }
    },
    "graphql": {
      "version": "15.5.1",
      "resolved": "https://registry.npmjs.org/graphql/-/graphql-15.5.1.tgz",
      "integrity": "sha512-FeTRX67T3LoE3LWAxxOlW2K3Bz+rMYAC18rRguK4wgXaTZMiJwSUwDmPFo3UadAKbzirKIg5Qy+sNJXbpPRnQw=="
    },
    "tslib": {
      "version": "2.3.1",
      "resolved": "https://registry.npmjs.org/tslib/-/tslib-2.3.1.tgz",
      "integrity": "sha512-77EbyPPpMz+FRFRuAFlWMtmgUWGe9UOG2Z25NqCwiIjRhOf5iKGuzSe5P2w1laq+FkRy4p+PCuVkJSGkzTEKVw=="
    },
    "value-or-promise": {
      "version": "1.0.10",
      "resolved": "https://registry.npmjs.org/value-or-promise/-/value-or-promise-1.0.10.tgz",
      "integrity": "sha512-1OwTzvcfXkAfabk60UVr5NdjtjJ0Fg0T5+B1bhxtrOEwSH2fe8y4DnLgoksfCyd8yZCOQQHB0qLMQnwgCjbXLQ=="
    }
  }
}
